
Microsoft Visual Studio Solution File, Format Version 12.00
# Visual Studio Version 16
VisualStudioVersion = 16.0.31205.134
MinimumVisualStudioVersion = 10.0.40219.1
Project("{FAE04EC0-301F-11D3-BF4B-00C04F79EFBC}") = "CraftriseAccountChecker", "craftrisecheckcakcuk\CraftriseAccountChecker.csproj", "{BBC4D320-3B78-4899-B6D8-61A22967291C}"
EndProject
Global
	GlobalSection(SolutionConfigurationPlatforms) = preSolution
		Debug|Any CPU = Debug|Any CPU
		Release|Any CPU = Release|Any CPU
	EndGlobalSection
	GlobalSection(ProjectConfigurationPlatforms) = postSolution
		{BBC4D320-3B78-4899-B6D8-61A22967291C}.Debug|Any CPU.ActiveCfg = Debug|Any CPU
		{BBC4D320-3B78-4899-B6D8-61A22967291C}.Debug|Any CPU.Build.0 = Debug|Any CPU
		{BBC4D320-3B78-4899-B6D8-61A22967291C}.Release|Any CPU.ActiveCfg = Release|Any CPU
		{BBC4D320-3B78-4899-B6D8-61A22967291C}.Release|Any CPU.Build.0 = Release|Any CPU
	EndGlobalSection
	GlobalSection(SolutionProperties) = preSolution
		HideSolutionNode = FALSE
	EndGlobalSection
	GlobalSection(ExtensibilityGlobals) = postSolution
		SolutionGuid = {C6E6DD99-EEB1-4832-9618-7BF72FB76A83}
	EndGlobalSection
EndGlobal
